{
  "name": "wedding",
  "version": "1.0.0",
  "lockfileVersion": 1,
  "dependencies": {
    "babel-runtime": {
      "version": "6.25.0",
      "resolved": "https://registry.npmjs.org/babel-runtime/-/babel-runtime-6.25.0.tgz",
      "integrity": "sha1-M7mOql1IK7AajRqmtDetKwGuxBw=",
      "dev": true
    },
    "colors": {
      "version": "1.1.2",
      "resolved": "https://registry.npmjs.org/colors/-/colors-1.1.2.tgz",
      "integrity": "sha1-FopHAXVran9RoSzgyXv6KMCE7WM=",
      "dev": true
    },
    "commander": {
      "version": "2.11.0",
      "resolved": "https://registry.npmjs.org/commander/-/commander-2.11.0.tgz",
      "integrity": "sha512-b0553uYA5YAEGgyYIGYROzKQ7X5RAqedkfjiZxwi0kL1g3bOaBNNZfYkzt/CL0umgD5wc9Jec2FbB98CjkMRvQ==",
      "dev": true
    },
    "core-js": {
      "version": "2.5.0",
      "resolved": "https://registry.npmjs.org/core-js/-/core-js-2.5.0.tgz",
      "integrity": "sha1-VpwFCRi+ZIazg3VSAorgRmtxcIY=",
      "dev": true
    },
    "dateformat": {
      "version": "2.0.0",
      "resolved": "https://registry.npmjs.org/dateformat/-/dateformat-2.0.0.tgz",
      "integrity": "sha1-J0Pjq7XD/CRi5SfcpEXgTp9N7hc=",
      "dev": true
    },
    "fs-extra": {
      "version": "4.0.1",
      "resolved": "https://registry.npmjs.org/fs-extra/-/fs-extra-4.0.1.tgz",
      "integrity": "sha1-f8DGyJV/mD9X8waiTlud3Y0N2IA=",
      "dev": true
    },
    "gatsby-cli": {
      "version": "1.0.7",
      "resolved": "https://registry.npmjs.org/gatsby-cli/-/gatsby-cli-1.0.7.tgz",
      "integrity": "sha1-7VHg0j7kiDrlB6YZQjy8SGiHlrc=",
      "dev": true
    },
    "graceful-fs": {
      "version": "4.1.11",
      "resolved": "https://registry.npmjs.org/graceful-fs/-/graceful-fs-4.1.11.tgz",
      "integrity": "sha1-Dovf5NHduIVNZOBOp8AOKgJuVlg=",
      "dev": true
    },
    "hosted-git-info": {
      "version": "2.5.0",
      "resolved": "https://registry.npmjs.org/hosted-git-info/-/hosted-git-info-2.5.0.tgz",
      "integrity": "sha512-pNgbURSuab90KbTqvRPsseaTxOJCZBD0a7t+haSN33piP9cCM4l0CqdzAif2hUqm716UovKB2ROmiabGAKVXyg==",
      "dev": true
    },
    "jsonfile": {
      "version": "3.0.1",
      "resolved": "https://registry.npmjs.org/jsonfile/-/jsonfile-3.0.1.tgz",
      "integrity": "sha1-pezG9l9T9mLEQVx2daAzHQmS7GY=",
      "dev": true
    },
    "lodash": {
      "version": "4.17.4",
      "resolved": "https://registry.npmjs.org/lodash/-/lodash-4.17.4.tgz",
      "integrity": "sha1-eCA6TRwyiuHYbcpkYONptX9AVa4=",
      "dev": true
    },
    "regenerator-runtime": {
      "version": "0.10.5",
      "resolved": "https://registry.npmjs.org/regenerator-runtime/-/regenerator-runtime-0.10.5.tgz",
      "integrity": "sha1-M2w+/BIgrc7dosn6tntaeVWjNlg=",
      "dev": true
    },
    "resolve-cwd": {
      "version": "2.0.0",
      "resolved": "https://registry.npmjs.org/resolve-cwd/-/resolve-cwd-2.0.0.tgz",
      "integrity": "sha1-AKn3OHVW4nA46uIyyqNypqWbZlo=",
      "dev": true
    },
    "resolve-from": {
      "version": "3.0.0",
      "resolved": "https://registry.npmjs.org/resolve-from/-/resolve-from-3.0.0.tgz",
      "integrity": "sha1-six699nWiBvItuZTM17rywoYh0g=",
      "dev": true
    },
    "tinytim": {
      "version": "0.1.1",
      "resolved": "https://registry.npmjs.org/tinytim/-/tinytim-0.1.1.tgz",
      "integrity": "sha1-yWih5VWa2VUyJO92J7qzTjyu+Kg=",
      "dev": true
    },
    "tracer": {
      "version": "0.8.9",
      "resolved": "https://registry.npmjs.org/tracer/-/tracer-0.8.9.tgz",
      "integrity": "sha1-ZLyIoRbjXXbtrSMVoAEetfETk6Y=",
      "dev": true
    },
    "universalify": {
      "version": "0.1.1",
      "resolved": "https://registry.npmjs.org/universalify/-/universalify-0.1.1.tgz",
      "integrity": "sha1-+nG63UQ3r0wUiEHjs7Fl+enlkLc=",
      "dev": true
    }
  }
}
